
Microsoft Visual Studio Solution File, Format Version 12.00
# Visual Studio Version 17
VisualStudioVersion = 17.3.32811.315
MinimumVisualStudioVersion = 10.0.40219.1
Project("{FAE04EC0-301F-11D3-BF4B-00C04F79EFBC}") = "Emplooyes", "Emplooyes\Emplooyes.csproj", "{E8434BF3-3327-4940-AEF2-17FEF73563AF}"
EndProject
Global
	GlobalSection(SolutionConfigurationPlatforms) = preSolution
		Debug|Any CPU = Debug|Any CPU
		Release|Any CPU = Release|Any CPU
	EndGlobalSection
	GlobalSection(ProjectConfigurationPlatforms) = postSolution
		{E8434BF3-3327-4940-AEF2-17FEF73563AF}.Debug|Any CPU.ActiveCfg = Debug|Any CPU
		{E8434BF3-3327-4940-AEF2-17FEF73563AF}.Debug|Any CPU.Build.0 = Debug|Any CPU
		{E8434BF3-3327-4940-AEF2-17FEF73563AF}.Release|Any CPU.ActiveCfg = Release|Any CPU
		{E8434BF3-3327-4940-AEF2-17FEF73563AF}.Release|Any CPU.Build.0 = Release|Any CPU
	EndGlobalSection
	GlobalSection(SolutionProperties) = preSolution
		HideSolutionNode = FALSE
	EndGlobalSection
	GlobalSection(ExtensibilityGlobals) = postSolution
		SolutionGuid = {E8798638-39C2-48B5-B09B-7229ED998718}
	EndGlobalSection
EndGlobal
